// !$*UTF8*$!
{
	archiveVersion = 1;
	classes = {
	};
	objectVersion = 50;
	objects = {

/* Begin PBXBuildFile section */
		5A2F35D12325BA9900860878 /* AppDelegate.swift in Sources */ = {isa = PBXBuildFile; fileRef = 5A2F35D02325BA9900860878 /* AppDelegate.swift */; };
		5A2F35D32325BA9900860878 /* ViewController.swift in Sources */ = {isa = PBXBuildFile; fileRef = 5A2F35D22325BA9900860878 /* ViewController.swift */; };
		5A2F35D62325BA9900860878 /* Main.storyboard in Resources */ = {isa = PBXBuildFile; fileRef = 5A2F35D42325BA9900860878 /* Main.storyboard */; };
		5A2F35D82325BA9C00860878 /* Assets.xcassets in Resources */ = {isa = PBXBuildFile; fileRef = 5A2F35D72325BA9C00860878 /* Assets.xcassets */; };
		5A2F35DB2325BA9C00860878 /* LaunchScreen.storyboard in Resources */ = {isa = PBXBuildFile; fileRef = 5A2F35D92325BA9C00860878 /* LaunchScreen.storyboard */; };
		5A2F35E62325BA9C00860878 /* tippyTests.swift in Sources */ = {isa = PBXBuildFile; fileRef = 5A2F35E52325BA9C00860878 /* tippyTests.swift */; };
		5A2F35F12325BA9C00860878 /* tippyUITests.swift in Sources */ = {isa = PBXBuildFile; fileRef = 5A2F35F02325BA9C00860878 /* tippyUITests.swift */; };
		5A2F36032325D47500860878 /* percentIMG.png in Resources */ = {isa = PBXBuildFile; fileRef = 5A2F36022325D47500860878 /* percentIMG.png */; };
/* End PBXBuildFile section */

/* Begin PBXContainerItemProxy section */
		5A2F35E22325BA9C00860878 /* PBXContainerItemProxy */ = {
			isa = PBXContainerItemProxy;
			containerPortal = 5A2F35C52325BA9900860878 /* Project object */;
			proxyType = 1;
			remoteGlobalIDString = 5A2F35CC2325BA9900860878;
			remoteInfo = tippy;
		};
		5A2F35ED2325BA9C00860878 /* PBXContainerItemProxy */ = {
			isa = PBXContainerItemProxy;
			containerPortal = 5A2F35C52325BA9900860878 /* Project object */;
			proxyType = 1;
			remoteGlobalIDString = 5A2F35CC2325BA9900860878;
			remoteInfo = tippy;
		};
/* End PBXContainerItemProxy section */

/* Begin PBXFileReference section */
		5A2F35CD2325BA9900860878 /* tippy.app */ = {isa = PBXFileReference; explicitFileType = wrapper.application; includeInIndex = 0; path = tippy.app; sourceTree = BUILT_PRODUCTS_DIR; };
		5A2F35D02325BA9900860878 /* AppDelegate.swift */ = {isa = PBXFileReference; lastKnownFileType = sourcecode.swift; path = AppDelegate.swift; sourceTree = "<group>"; };
		5A2F35D22325BA9900860878 /* ViewController.swift */ = {isa = PBXFileReference; lastKnownFileType = sourcecode.swift; path = ViewController.swift; sourceTree = "<group>"; };
		5A2F35D52325BA9900860878 /* Base */ = {isa = PBXFileReference; lastKnownFileType = file.storyboard; name = Base; path = Base.lproj/Main.storyboard; sourceTree = "<group>"; };
		5A2F35D72325BA9C00860878 /* Assets.xcassets */ = {isa = PBXFileReference; lastKnownFileType = folder.assetcatalog; path = Assets.xcassets; sourceTree = "<group>"; };
		5A2F35DA2325BA9C00860878 /* Base */ = {isa = PBXFileReference; lastKnownFileType = file.storyboard; name = Base; path = Base.lproj/LaunchScreen.storyboard; sourceTree = "<group>"; };
		5A2F35DC2325BA9C00860878 /* Info.plist */ = {isa = PBXFileReference; lastKnownFileType = text.plist.xml; path = Info.plist; sourceTree = "<group>"; };
		5A2F35E12325BA9C00860878 /* tippyTests.xctest */ = {isa = PBXFileReference; explicitFileType = wrapper.cfbundle; includeInIndex = 0; path = tippyTests.xctest; sourceTree = BUILT_PRODUCTS_DIR; };
		5A2F35E52325BA9C00860878 /* tippyTests.swift */ = {isa = PBXFileReference; lastKnownFileType = sourcecode.swift; path = tippyTests.swift; sourceTree = "<group>"; };
		5A2F35E72325BA9C00860878 /* Info.plist */ = {isa = PBXFileReference; lastKnownFileType = text.plist.xml; path = Info.plist; sourceTree = "<group>"; };
		5A2F35EC2325BA9C00860878 /* tippyUITests.xctest */ = {isa = PBXFileReference; explicitFileType = wrapper.cfbundle; includeInIndex = 0; path = tippyUITests.xctest; sourceTree = BUILT_PRODUCTS_DIR; };
		5A2F35F02325BA9C00860878 /* tippyUITests.swift */ = {isa = PBXFileReference; lastKnownFileType = sourcecode.swift; path = tippyUITests.swift; sourceTree = "<group>"; };
		5A2F35F22325BA9C00860878 /* Info.plist */ = {isa = PBXFileReference; lastKnownFileType = text.plist.xml; path = Info.plist; sourceTree = "<group>"; };
		5A2F36022325D47500860878 /* percentIMG.png */ = {isa = PBXFileReference; lastKnownFileType = image.png; path = percentIMG.png; sourceTree = "<group>"; };
/* End PBXFileReference section */

/* Begin PBXFrameworksBuildPhase section */
		5A2F35CA2325BA9900860878 /* Frameworks */ = {
			isa = PBXFrameworksBuildPhase;
			buildActionMask = 2147483647;
			files = (
			);
			runOnlyForDeploymentPostprocessing = 0;
		};
		5A2F35DE2325BA9C00860878 /* Frameworks */ = {
			isa = PBXFrameworksBuildPhase;
			buildActionMask = 2147483647;
			files = (
			);
			runOnlyForDeploymentPostprocessing = 0;
		};
		5A2F35E92325BA9C00860878 /* Frameworks */ = {
			isa = PBXFrameworksBuildPhase;
			buildActionMask = 2147483647;
			files = (
			);
			runOnlyForDeploymentPostprocessing = 0;
		};
/* End PBXFrameworksBuildPhase section */

/* Begin PBXGroup section */
		5A2F35C42325BA9900860878 = {
			isa = PBXGroup;
			children = (
				5A2F35CF2325BA9900860878 /* tippy */,
				5A2F35E42325BA9C00860878 /* tippyTests */,
				5A2F35EF2325BA9C00860878 /* tippyUITests */,
				5A2F35CE2325BA9900860878 /* Products */,
			);
			sourceTree = "<group>";
		};
		5A2F35CE2325BA9900860878 /* Products */ = {
			isa = PBXGroup;
			children = (
				5A2F35CD2325BA9900860878 /* tippy.app */,
				5A2F35E12325BA9C00860878 /* tippyTests.xctest */,
				5A2F35EC2325BA9C00860878 /* tippyUITests.xctest */,
			);
			name = Products;
			sourceTree = "<group>";
		};
		5A2F35CF2325BA9900860878 /* tippy */ = {
			isa = PBXGroup;
			children = (
				5A2F35D02325BA9900860878 /* AppDelegate.swift */,
				5A2F35D22325BA9900860878 /* ViewController.swift */,
				5A2F35D42325BA9900860878 /* Main.storyboard */,
				5A2F35D72325BA9C00860878 /* Assets.xcassets */,
				5A2F35D92325BA9C00860878 /* LaunchScreen.storyboard */,
				5A2F35DC2325BA9C00860878 /* Info.plist */,
				5A2F36022325D47500860878 /* percentIMG.png */,
			);
			path = tippy;
			sourceTree = "<group>";
		};
		5A2F35E42325BA9C00860878 /* tippyTests */ = {
			isa = PBXGroup;
			children = (
				5A2F35E52325BA9C00860878 /* tippyTests.swift */,
				5A2F35E72325BA9C00860878 /* Info.plist */,
			);
			path = tippyTests;
			sourceTree = "<group>";
		};
		5A2F35EF2325BA9C00860878 /* tippyUITests */ = {
			isa = PBXGroup;
			children = (
				5A2F35F02325BA9C00860878 /* tippyUITests.swift */,
				5A2F35F22325BA9C00860878 /* Info.plist */,
			);
			path = tippyUITests;
			sourceTree = "<group>";
		};
/* End PBXGroup section */

/* Begin PBXNativeTarget section */
		5A2F35CC2325BA9900860878 /* tippy */ = {
			isa = PBXNativeTarget;
			buildConfigurationList = 5A2F35F52325BA9C00860878 /* Build configuration list for PBXNativeTarget "tippy" */;
			buildPhases = (
				5A2F35C92325BA9900860878 /* Sources */,
				5A2F35CA2325BA9900860878 /* Frameworks */,
				5A2F35CB2325BA9900860878 /* Resources */,
			);
			buildRules = (
			);
			dependencies = (
			);
			name = tippy;
			productName = tippy;
			productReference = 5A2F35CD2325BA9900860878 /* tippy.app */;
			productType = "com.apple.product-type.application";
		};
		5A2F35E02325BA9C00860878 /* tippyTests */ = {
			isa = PBXNativeTarget;
			buildConfigurationList = 5A2F35F82325BA9C00860878 /* Build configuration list for PBXNativeTarget "tippyTests" */;
			buildPhases = (
				5A2F35DD2325BA9C00860878 /* Sources */,
				5A2F35DE2325BA9C00860878 /* Frameworks */,
				5A2F35DF2325BA9C00860878 /* Resources */,
			);
			buildRules = (
			);
			dependencies = (
				5A2F35E32325BA9C00860878 /* PBXTargetDependency */,
			);
			name = tippyTests;
			productName = tippyTests;
			productReference = 5A2F35E12325BA9C00860878 /* tippyTests.xctest */;
			productType = "com.apple.product-type.bundle.unit-test";
		};
		5A2F35EB2325BA9C00860878 /* tippyUITests */ = {
			isa = PBXNativeTarget;
			buildConfigurationList = 5A2F35FB2325BA9C00860878 /* Build configuration list for PBXNativeTarget "tippyUITests" */;
			buildPhases = (
				5A2F35E82325BA9C00860878 /* Sources */,
				5A2F35E92325BA9C00860878 /* Frameworks */,
				5A2F35EA2325BA9C00860878 /* Resources */,
			);
			buildRules = (
			);
			dependencies = (
				5A2F35EE2325BA9C00860878 /* PBXTargetDependency */,
			);
			name = tippyUITests;
			productName = tippyUITests;
			productReference = 5A2F35EC2325BA9C00860878 /* tippyUITests.xctest */;
			productType = "com.apple.product-type.bundle.ui-testing";
		};
/* End PBXNativeTarget section */

/* Begin PBXProject section */
		5A2F35C52325BA9900860878 /* Project object */ = {
			isa = PBXProject;
			attributes = {
				LastSwiftUpdateCheck = 0940;
				LastUpgradeCheck = 0940;
				ORGANIZATIONNAME = divyanagaraj;
				TargetAttributes = {
					5A2F35CC2325BA9900860878 = {
						CreatedOnToolsVersion = 9.4.1;
					};
					5A2F35E02325BA9C00860878 = {
						CreatedOnToolsVersion = 9.4.1;
						TestTargetID = 5A2F35CC2325BA9900860878;
					};
					5A2F35EB2325BA9C00860878 = {
						CreatedOnToolsVersion = 9.4.1;
						TestTargetID = 5A2F35CC2325BA9900860878;
					};
				};
			};
			buildConfigurationList = 5A2F35C82325BA9900860878 /* Build configuration list for PBXProject "tippy" */;
			compatibilityVersion = "Xcode 9.3";
			developmentRegion = en;
			hasScannedForEncodings = 0;
			knownRegions = (
				en,
				Base,
			);
			mainGroup = 5A2F35C42325BA9900860878;
			productRefGroup = 5A2F35CE2325BA9900860878 /* Products */;
			projectDirPath = "";
			projectRoot = "";
			targets = (
				5A2F35CC2325BA9900860878 /* tippy */,
				5A2F35E02325BA9C00860878 /* tippyTests */,
				5A2F35EB2325BA9C00860878 /* tippyUITests */,
			);
		};
/* End PBXProject section */

/* Begin PBXResourcesBuildPhase section */
		5A2F35CB2325BA9900860878 /* Resources */ = {
			isa = PBXResourcesBuildPhase;
			buildActionMask = 2147483647;
			files = (
				5A2F35DB2325BA9C00860878 /* LaunchScreen.storyboard in Resources */,
				5A2F35D82325BA9C00860878 /* Assets.xcassets in Resources */,
				5A2F35D62325BA9900860878 /* Main.storyboard in Resources */,
				5A2F36032325D47500860878 /* percentIMG.png in Resources */,
			);
			runOnlyForDeploymentPostprocessing = 0;
		};
		5A2F35DF2325BA9C00860878 /* Resources */ = {
			isa = PBXResourcesBuildPhase;
			buildActionMask = 2147483647;
			files = (
			);
			runOnlyForDeploymentPostprocessing = 0;
		};
		5A2F35EA2325BA9C00860878 /* Resources */ = {
			isa = PBXResourcesBuildPhase;
			buildActionMask = 2147483647;
			files = (
			);
			runOnlyForDeploymentPostprocessing = 0;
		};
/* End PBXResourcesBuildPhase section */

/* Begin PBXSourcesBuildPhase section */
		5A2F35C92325BA9900860878 /* Sources */ = {
			isa = PBXSourcesBuildPhase;
			buildActionMask = 2147483647;
			files = (
				5A2F35D32325BA9900860878 /* ViewController.swift in Sources */,
				5A2F35D12325BA9900860878 /* AppDelegate.swift in Sources */,
			);
			runOnlyForDeploymentPostprocessing = 0;
		};
		5A2F35DD2325BA9C00860878 /* Sources */ = {
			isa = PBXSourcesBuildPhase;
			buildActionMask = 2147483647;
			files = (
				5A2F35E62325BA9C00860878 /* tippyTests.swift in Sources */,
			);
			runOnlyForDeploymentPostprocessing = 0;
		};
		5A2F35E82325BA9C00860878 /* Sources */ = {
			isa = PBXSourcesBuildPhase;
			buildActionMask = 2147483647;
			files = (
				5A2F35F12325BA9C00860878 /* tippyUITests.swift in Sources */,
			);
			runOnlyForDeploymentPostprocessing = 0;
		};
/* End PBXSourcesBuildPhase section */

/* Begin PBXTargetDependency section */
		5A2F35E32325BA9C00860878 /* PBXTargetDependency */ = {
			isa = PBXTargetDependency;
			target = 5A2F35CC2325BA9900860878 /* tippy */;
			targetProxy = 5A2F35E22325BA9C00860878 /* PBXContainerItemProxy */;
		};
		5A2F35EE2325BA9C00860878 /* PBXTargetDependency */ = {
			isa = PBXTargetDependency;
			target = 5A2F35CC2325BA9900860878 /* tippy */;
			targetProxy = 5A2F35ED2325BA9C00860878 /* PBXContainerItemProxy */;
		};
/* End PBXTargetDependency section */

/* Begin PBXVariantGroup section */
		5A2F35D42325BA9900860878 /* Main.storyboard */ = {
			isa = PBXVariantGroup;
			children = (
				5A2F35D52325BA9900860878 /* Base */,
			);
			name = Main.storyboard;
			sourceTree = "<group>";
		};
		5A2F35D92325BA9C00860878 /* LaunchScreen.storyboard */ = {
			isa = PBXVariantGroup;
			children = (
				5A2F35DA2325BA9C00860878 /* Base */,
			);
			name = LaunchScreen.storyboard;
			sourceTree = "<group>";
		};
/* End PBXVariantGroup section */

/* Begin XCBuildConfiguration section */
		5A2F35F32325BA9C00860878 /* Debug */ = {
			isa = XCBuildConfiguration;
			buildSettings = {
				ALWAYS_SEARCH_USER_PATHS = NO;
				CLANG_ANALYZER_NONNULL = YES;
				CLANG_ANALYZER_NUMBER_OBJECT_CONVERSION = YES_AGGRESSIVE;
				CLANG_CXX_LANGUAGE_STANDARD = "gnu++14";
				CLANG_CXX_LIBRARY = "libc++";
				CLANG_ENABLE_MODULES = YES;
				CLANG_ENABLE_OBJC_ARC = YES;
				CLANG_ENABLE_OBJC_WEAK = YES;
				CLANG_WARN_BLOCK_CAPTURE_AUTORELEASING = YES;
				CLANG_WARN_BOOL_CONVERSION = YES;
				CLANG_WARN_COMMA = YES;
				CLANG_WARN_CONSTANT_CONVERSION = YES;
				CLANG_WARN_DEPRECATED_OBJC_IMPLEMENTATIONS = YES;
				CLANG_WARN_DIRECT_OBJC_ISA_USAGE = YES_ERROR;
				CLANG_WARN_DOCUMENTATION_COMMENTS = YES;
				CLANG_WARN_EMPTY_BODY = YES;
				CLANG_WARN_ENUM_CONVERSION = YES;
				CLANG_WARN_INFINITE_RECURSION = YES;
				CLANG_WARN_INT_CONVERSION = YES;
				CLANG_WARN_NON_LITERAL_NULL_CONVERSION = YES;
				CLANG_WARN_OBJC_IMPLICIT_RETAIN_SELF = YES;
				CLANG_WARN_OBJC_LITERAL_CONVERSION = YES;
				CLANG_WARN_OBJC_ROOT_CLASS = YES_ERROR;
				CLANG_WARN_RANGE_LOOP_ANALYSIS = YES;
				CLANG_WARN_STRICT_PROTOTYPES = YES;
				CLANG_WARN_SUSPICIOUS_MOVE = YES;
				CLANG_WARN_UNGUARDED_AVAILABILITY = YES_AGGRESSIVE;
				CLANG_WARN_UNREACHABLE_CODE = YES;
				CLANG_WARN__DUPLICATE_METHOD_MATCH = YES;
				CODE_SIGN_IDENTITY = "iPhone Developer";
				COPY_PHASE_STRIP = NO;
				DEBUG_INFORMATION_FORMAT = dwarf;
				ENABLE_STRICT_OBJC_MSGSEND = YES;
				ENABLE_TESTABILITY = YES;
				GCC_C_LANGUAGE_STANDARD = gnu11;
				GCC_DYNAMIC_NO_PIC = NO;
				GCC_NO_COMMON_BLOCKS = YES;
				GCC_OPTIMIZATION_LEVEL = 0;
				GCC_PREPROCESSOR_DEFINITIONS = (
					"DEBUG=1",
					"$(inherited)",
				);
				GCC_WARN_64_TO_32_BIT_CONVERSION = YES;
				GCC_WARN_ABOUT_RETURN_TYPE = YES_ERROR;
				GCC_WARN_UNDECLARED_SELECTOR = YES;
				GCC_WARN_UNINITIALIZED_AUTOS = YES_AGGRESSIVE;
				GCC_WARN_UNUSED_FUNCTION = YES;
				GCC_WARN_UNUSED_VARIABLE = YES;
				IPHONEOS_DEPLOYMENT_TARGET = 11.4;
				MTL_ENABLE_DEBUG_INFO = YES;
				ONLY_ACTIVE_ARCH = YES;
				SDKROOT = iphoneos;
				SWIFT_ACTIVE_COMPILATION_CONDITIONS = DEBUG;
				SWIFT_OPTIMIZATION_LEVEL = "-Onone";
			};
			name = Debug;
		};
		5A2F35F42325BA9C00860878 /* Release */ = {
			isa = XCBuildConfiguration;
			buildSettings = {
				ALWAYS_SEARCH_USER_PATHS = NO;
				CLANG_ANALYZER_NONNULL = YES;
				CLANG_ANALYZER_NUMBER_OBJECT_CONVERSION = YES_AGGRESSIVE;
				CLANG_CXX_LANGUAGE_STANDARD = "gnu++14";
				CLANG_CXX_LIBRARY = "libc++";
				CLANG_ENABLE_MODULES = YES;
				CLANG_ENABLE_OBJC_ARC = YES;
				CLANG_ENABLE_OBJC_WEAK = YES;
				CLANG_WARN_BLOCK_CAPTURE_AUTORELEASING = YES;
				CLANG_WARN_BOOL_CONVERSION = YES;
				CLANG_WARN_COMMA = YES;
				CLANG_WARN_CONSTANT_CONVERSION = YES;
				CLANG_WARN_DEPRECATED_OBJC_IMPLEMENTATIONS = YES;
				CLANG_WARN_DIRECT_OBJC_ISA_USAGE = YES_ERROR;
				CLANG_WARN_DOCUMENTATION_COMMENTS = YES;
				CLANG_WARN_EMPTY_BODY = YES;
				CLANG_WARN_ENUM_CONVERSION = YES;
				CLANG_WARN_INFINITE_RECURSION = YES;
				CLANG_WARN_INT_CONVERSION = YES;
				CLANG_WARN_NON_LITERAL_NULL_CONVERSION = YES;
				CLANG_WARN_OBJC_IMPLICIT_RETAIN_SELF = YES;
				CLANG_WARN_OBJC_LITERAL_CONVERSION = YES;
				CLANG_WARN_OBJC_ROOT_CLASS = YES_ERROR;
				CLANG_WARN_RANGE_LOOP_ANALYSIS = YES;
				CLANG_WARN_STRICT_PROTOTYPES = YES;
				CLANG_WARN_SUSPICIOUS_MOVE = YES;
				CLANG_WARN_UNGUARDED_AVAILABILITY = YES_AGGRESSIVE;
				CLANG_WARN_UNREACHABLE_CODE = YES;
				CLANG_WARN__DUPLICATE_METHOD_MATCH = YES;
				CODE_SIGN_IDENTITY = "iPhone Developer";
				COPY_PHASE_STRIP = NO;
				DEBUG_INFORMATION_FORMAT = "dwarf-with-dsym";
				ENABLE_NS_ASSERTIONS = NO;
				ENABLE_STRICT_OBJC_MSGSEND = YES;
				GCC_C_LANGUAGE_STANDARD = gnu11;
				GCC_NO_COMMON_BLOCKS = YES;
				GCC_WARN_64_TO_32_BIT_CONVERSION = YES;
				GCC_WARN_ABOUT_RETURN_TYPE = YES_ERROR;
				GCC_WARN_UNDECLARED_SELECTOR = YES;
				GCC_WARN_UNINITIALIZED_AUTOS = YES_AGGRESSIVE;
				GCC_WARN_UNUSED_FUNCTION = YES;
				GCC_WARN_UNUSED_VARIABLE = YES;
				IPHONEOS_DEPLOYMENT_TARGET = 11.4;
				MTL_ENABLE_DEBUG_INFO = NO;
				SDKROOT = iphoneos;
				SWIFT_COMPILATION_MODE = wholemodule;
				SWIFT_OPTIMIZATION_LEVEL = "-O";
				VALIDATE_PRODUCT = YES;
			};
			name = Release;
		};
		5A2F35F62325BA9C00860878 /* Debug */ = {
			isa = XCBuildConfiguration;
			buildSettings = {
				ASSETCATALOG_COMPILER_APPICON_NAME = AppIcon;
				CODE_SIGN_STYLE = Automatic;
				DEVELOPMENT_TEAM = P8R6X98N97;
				INFOPLIST_FILE = tippy/Info.plist;
				LD_RUNPATH_SEARCH_PATHS = (
					"$(inherited)",
					"@executable_path/Frameworks",
				);
				PRODUCT_BUNDLE_IDENTIFIER = divyanagaraj.tippy;
				PRODUCT_NAME = "$(TARGET_NAME)";
				SWIFT_VERSION = 4.0;
				TARGETED_DEVICE_FAMILY = "1,2";
			};
			name = Debug;
		};
		5A2F35F72325BA9C00860878 /* Release */ = {
			isa = XCBuildConfiguration;
			buildSettings = {
				ASSETCATALOG_COMPILER_APPICON_NAME = AppIcon;
				CODE_SIGN_STYLE = Automatic;
				DEVELOPMENT_TEAM = P8R6X98N97;
				INFOPLIST_FILE = tippy/Info.plist;
				LD_RUNPATH_SEARCH_PATHS = (
					"$(inherited)",
					"@executable_path/Frameworks",
				);
				PRODUCT_BUNDLE_IDENTIFIER = divyanagaraj.tippy;
				PRODUCT_NAME = "$(TARGET_NAME)";
				SWIFT_VERSION = 4.0;
				TARGETED_DEVICE_FAMILY = "1,2";
			};
			name = Release;
		};
		5A2F35F92325BA9C00860878 /* Debug */ = {
			isa = XCBuildConfiguration;
			buildSettings = {
				ALWAYS_EMBED_SWIFT_STANDARD_LIBRARIES = YES;
				BUNDLE_LOADER = "$(TEST_HOST)";
				CODE_SIGN_STYLE = Automatic;
				DEVELOPMENT_TEAM = P8R6X98N97;
				INFOPLIST_FILE = tippyTests/Info.plist;
				LD_RUNPATH_SEARCH_PATHS = (
					"$(inherited)",
					"@executable_path/Frameworks",
					"@loader_path/Frameworks",
				);
				PRODUCT_BUNDLE_IDENTIFIER = divyanagaraj.tippyTests;
				PRODUCT_NAME = "$(TARGET_NAME)";
				SWIFT_VERSION = 4.0;
				TARGETED_DEVICE_FAMILY = "1,2";
				TEST_HOST = "$(BUILT_PRODUCTS_DIR)/tippy.app/tippy";
			};
			name = Debug;
		};
		5A2F35FA2325BA9C00860878 /* Release */ = {
			isa = XCBuildConfiguration;
			buildSettings = {
				ALWAYS_EMBED_SWIFT_STANDARD_LIBRARIES = YES;
				BUNDLE_LOADER = "$(TEST_HOST)";
				CODE_SIGN_STYLE = Automatic;
				DEVELOPMENT_TEAM = P8R6X98N97;
				INFOPLIST_FILE = tippyTests/Info.plist;
				LD_RUNPATH_SEARCH_PATHS = (
					"$(inherited)",
					"@executable_path/Frameworks",
					"@loader_path/Frameworks",
				);
				PRODUCT_BUNDLE_IDENTIFIER = divyanagaraj.tippyTests;
				PRODUCT_NAME = "$(TARGET_NAME)";
				SWIFT_VERSION = 4.0;
				TARGETED_DEVICE_FAMILY = "1,2";
				TEST_HOST = "$(BUILT_PRODUCTS_DIR)/tippy.app/tippy";
			};
			name = Release;
		};
		5A2F35FC2325BA9C00860878 /* Debug */ = {
			isa = XCBuildConfiguration;
			buildSettings = {
				ALWAYS_EMBED_SWIFT_STANDARD_LIBRARIES = YES;
				CODE_SIGN_STYLE = Automatic;
				DEVELOPMENT_TEAM = P8R6X98N97;
				INFOPLIST_FILE = tippyUITests/Info.plist;
				LD_RUNPATH_SEARCH_PATHS = (
					"$(inherited)",
					"@executable_path/Frameworks",
					"@loader_path/Frameworks",
				);
				PRODUCT_BUNDLE_IDENTIFIER = divyanagaraj.tippyUITests;
				PRODUCT_NAME = "$(TARGET_NAME)";
				SWIFT_VERSION = 4.0;
				TARGETED_DEVICE_FAMILY = "1,2";
				TEST_TARGET_NAME = tippy;
			};
			name = Debug;
		};
		5A2F35FD2325BA9C00860878 /* Release */ = {
			isa = XCBuildConfiguration;
			buildSettings = {
				ALWAYS_EMBED_SWIFT_STANDARD_LIBRARIES = YES;
				CODE_SIGN_STYLE = Automatic;
				DEVELOPMENT_TEAM = P8R6X98N97;
				INFOPLIST_FILE = tippyUITests/Info.plist;
				LD_RUNPATH_SEARCH_PATHS = (
					"$(inherited)",
					"@executable_path/Frameworks",
					"@loader_path/Frameworks",
				);
				PRODUCT_BUNDLE_IDENTIFIER = divyanagaraj.tippyUITests;
				PRODUCT_NAME = "$(TARGET_NAME)";
				SWIFT_VERSION = 4.0;
				TARGETED_DEVICE_FAMILY = "1,2";
				TEST_TARGET_NAME = tippy;
			};
			name = Release;
		};
/* End XCBuildConfiguration section */

/* Begin XCConfigurationList section */
		5A2F35C82325BA9900860878 /* Build configuration list for PBXProject "tippy" */ = {
			isa = XCConfigurationList;
			buildConfigurations = (
				5A2F35F32325BA9C00860878 /* Debug */,
				5A2F35F42325BA9C00860878 /* Release */,
			);
			defaultConfigurationIsVisible = 0;
			defaultConfigurationName = Release;
		};
		5A2F35F52325BA9C00860878 /* Build configuration list for PBXNativeTarget "tippy" */ = {
			isa = XCConfigurationList;
			buildConfigurations = (
				5A2F35F62325BA9C00860878 /* Debug */,
				5A2F35F72325BA9C00860878 /* Release */,
			);
			defaultConfigurationIsVisible = 0;
			defaultConfigurationName = Release;
		};
		5A2F35F82325BA9C00860878 /* Build configuration list for PBXNativeTarget "tippyTests" */ = {
			isa = XCConfigurationList;
			buildConfigurations = (
				5A2F35F92325BA9C00860878 /* Debug */,
				5A2F35FA2325BA9C00860878 /* Release */,
			);
			defaultConfigurationIsVisible = 0;
			defaultConfigurationName = Release;
		};
		5A2F35FB2325BA9C00860878 /* Build configuration list for PBXNativeTarget "tippyUITests" */ = {
			isa = XCConfigurationList;
			buildConfigurations = (
				5A2F35FC2325BA9C00860878 /* Debug */,
				5A2F35FD2325BA9C00860878 /* Release */,
			);
			defaultConfigurationIsVisible = 0;
			defaultConfigurationName = Release;
		};
/* End XCConfigurationList section */
	};
	rootObject = 5A2F35C52325BA9900860878 /* Project object */;
}
